
Microsoft Visual Studio Solution File, Format Version 12.00
# Visual Studio Version 17
VisualStudioVersion = 17.6.33723.286
MinimumVisualStudioVersion = 10.0.40219.1
Project("{FAE04EC0-301F-11D3-BF4B-00C04F79EFBC}") = "UmbracoProject2", "UmbracoProject2.csproj", "{CEAA67DE-2A6D-4D82-8853-AD1132847CC1}"
EndProject
Global
	GlobalSection(SolutionConfigurationPlatforms) = preSolution
		Debug|Any CPU = Debug|Any CPU
		Release|Any CPU = Release|Any CPU
	EndGlobalSection
	GlobalSection(ProjectConfigurationPlatforms) = postSolution
		{CEAA67DE-2A6D-4D82-8853-AD1132847CC1}.Debug|Any CPU.ActiveCfg = Debug|Any CPU
		{CEAA67DE-2A6D-4D82-8853-AD1132847CC1}.Debug|Any CPU.Build.0 = Debug|Any CPU
		{CEAA67DE-2A6D-4D82-8853-AD1132847CC1}.Release|Any CPU.ActiveCfg = Release|Any CPU
		{CEAA67DE-2A6D-4D82-8853-AD1132847CC1}.Release|Any CPU.Build.0 = Release|Any CPU
	EndGlobalSection
	GlobalSection(SolutionProperties) = preSolution
		HideSolutionNode = FALSE
	EndGlobalSection
	GlobalSection(ExtensibilityGlobals) = postSolution
		SolutionGuid = {F7BB51D4-D2C8-4372-A611-BBC1BDB9CDEA}
	EndGlobalSection
EndGlobal
